// !$*UTF8*$!
{
	archiveVersion = 1;
	classes = {
	};
	objectVersion = 51;
	objects = {

/* Begin PBXBuildFile section */
		834807B72418170D00F6020E /* InboxViewController.swift in Sources */ = {isa = PBXBuildFile; fileRef = 834807B62418170D00F6020E /* InboxViewController.swift */; };
		834807B92418193500F6020E /* InboxTableViewCell.swift in Sources */ = {isa = PBXBuildFile; fileRef = 834807B82418193500F6020E /* InboxTableViewCell.swift */; };
		834807BB2418224F00F6020E /* MessageViewController.swift in Sources */ = {isa = PBXBuildFile; fileRef = 834807BA2418224F00F6020E /* MessageViewController.swift */; };
		834807BD2418234B00F6020E /* MessageTableViewCell.swift in Sources */ = {isa = PBXBuildFile; fileRef = 834807BC2418234B00F6020E /* MessageTableViewCell.swift */; };
		834807BF24194AA700F6020E /* Message.swift in Sources */ = {isa = PBXBuildFile; fileRef = 834807BE24194AA700F6020E /* Message.swift */; };
		834807C124194BCE00F6020E /* MessageApi.swift in Sources */ = {isa = PBXBuildFile; fileRef = 834807C024194BCE00F6020E /* MessageApi.swift */; };
		834807C32419595A00F6020E /* Extension.swift in Sources */ = {isa = PBXBuildFile; fileRef = 834807C22419595A00F6020E /* Extension.swift */; };
		834F5A3C240A722B00EE05E9 /* HomeTableViewCell.swift in Sources */ = {isa = PBXBuildFile; fileRef = 834F5A3B240A722B00EE05E9 /* HomeTableViewCell.swift */; };
		834F5A3E240A740400EE05E9 /* Post.swift in Sources */ = {isa = PBXBuildFile; fileRef = 834F5A3D240A740400EE05E9 /* Post.swift */; };
		834F5A40240AB41C00EE05E9 /* ContributorTableViewCell.swift in Sources */ = {isa = PBXBuildFile; fileRef = 834F5A3F240AB41C00EE05E9 /* ContributorTableViewCell.swift */; };
		834F5A42240AB43200EE05E9 /* CommentTableViewCell.swift in Sources */ = {isa = PBXBuildFile; fileRef = 834F5A41240AB43200EE05E9 /* CommentTableViewCell.swift */; };
		834F5A44240AB47700EE05E9 /* CommentViewController.swift in Sources */ = {isa = PBXBuildFile; fileRef = 834F5A43240AB47700EE05E9 /* CommentViewController.swift */; };
		834F5A46240AC7DD00EE05E9 /* Comment.swift in Sources */ = {isa = PBXBuildFile; fileRef = 834F5A45240AC7DD00EE05E9 /* Comment.swift */; };
		834F5A4D240BBA3000EE05E9 /* PostApi.swift in Sources */ = {isa = PBXBuildFile; fileRef = 834F5A4C240BBA3000EE05E9 /* PostApi.swift */; };
		834F5A4F240BBB7700EE05E9 /* UserApi.swift in Sources */ = {isa = PBXBuildFile; fileRef = 834F5A4E240BBB7700EE05E9 /* UserApi.swift */; };
		834F5A53240CD28600EE05E9 /* CommentApi.swift in Sources */ = {isa = PBXBuildFile; fileRef = 834F5A52240CD28600EE05E9 /* CommentApi.swift */; };
		834F5A55240CD83B00EE05E9 /* Post_CommentApi.swift in Sources */ = {isa = PBXBuildFile; fileRef = 834F5A54240CD83B00EE05E9 /* Post_CommentApi.swift */; };
		834F5A57240CFD3900EE05E9 /* heart.json in Resources */ = {isa = PBXBuildFile; fileRef = 834F5A56240CFD3900EE05E9 /* heart.json */; };
		834F5A59240D0D2900EE05E9 /* SideMenuViewController.swift in Sources */ = {isa = PBXBuildFile; fileRef = 834F5A58240D0D2900EE05E9 /* SideMenuViewController.swift */; };
		834F5A65240E7D1300EE05E9 /* SideMenuTableViewCell.swift in Sources */ = {isa = PBXBuildFile; fileRef = 834F5A64240E7D1300EE05E9 /* SideMenuTableViewCell.swift */; };
		83508B2324070744000DFD8C /* AppDelegate.swift in Sources */ = {isa = PBXBuildFile; fileRef = 83508B2224070744000DFD8C /* AppDelegate.swift */; };
		83508B2524070744000DFD8C /* SceneDelegate.swift in Sources */ = {isa = PBXBuildFile; fileRef = 83508B2424070744000DFD8C /* SceneDelegate.swift */; };
		83508B2A24070744000DFD8C /* Main.storyboard in Resources */ = {isa = PBXBuildFile; fileRef = 83508B2824070744000DFD8C /* Main.storyboard */; };
		83508B2C24070747000DFD8C /* Assets.xcassets in Resources */ = {isa = PBXBuildFile; fileRef = 83508B2B24070747000DFD8C /* Assets.xcassets */; };
		83508B2F24070747000DFD8C /* LaunchScreen.storyboard in Resources */ = {isa = PBXBuildFile; fileRef = 83508B2D24070747000DFD8C /* LaunchScreen.storyboard */; };
		83508B3B2407125C000DFD8C /* SignInViewController.swift in Sources */ = {isa = PBXBuildFile; fileRef = 83508B3A2407125C000DFD8C /* SignInViewController.swift */; };
		83508B3D24072AEF000DFD8C /* SignUpViewController.swift in Sources */ = {isa = PBXBuildFile; fileRef = 83508B3C24072AEF000DFD8C /* SignUpViewController.swift */; };
		83508B3F240734A7000DFD8C /* ForgotViewController.swift in Sources */ = {isa = PBXBuildFile; fileRef = 83508B3E240734A7000DFD8C /* ForgotViewController.swift */; };
		83508B44240751DA000DFD8C /* StartViewController.swift in Sources */ = {isa = PBXBuildFile; fileRef = 83508B43240751DA000DFD8C /* StartViewController.swift */; };
		83508B4624075591000DFD8C /* HomeViewController.swift in Sources */ = {isa = PBXBuildFile; fileRef = 83508B4524075591000DFD8C /* HomeViewController.swift */; };
		83508B4824078A93000DFD8C /* PostViewController.swift in Sources */ = {isa = PBXBuildFile; fileRef = 83508B4724078A93000DFD8C /* PostViewController.swift */; };
		83508B4C2407F0BD000DFD8C /* User.swift in Sources */ = {isa = PBXBuildFile; fileRef = 83508B4B2407F0BD000DFD8C /* User.swift */; };
		83516347241533570083C444 /* SendDataApi.swift in Sources */ = {isa = PBXBuildFile; fileRef = 83516346241533570083C444 /* SendDataApi.swift */; };
		835163492415616E0083C444 /* NotificationViewController.swift in Sources */ = {isa = PBXBuildFile; fileRef = 835163482415616E0083C444 /* NotificationViewController.swift */; };
		8351634D241561F60083C444 /* NotificationTableViewCell.swift in Sources */ = {isa = PBXBuildFile; fileRef = 8351634C241561F60083C444 /* NotificationTableViewCell.swift */; };
		8351634F241568AF0083C444 /* NotificationApi.swift in Sources */ = {isa = PBXBuildFile; fileRef = 8351634E241568AF0083C444 /* NotificationApi.swift */; };
		8351635124156A580083C444 /* Notification.swift in Sources */ = {isa = PBXBuildFile; fileRef = 8351635024156A580083C444 /* Notification.swift */; };
		8351870D241B878300CB40B9 /* InboxApi.swift in Sources */ = {isa = PBXBuildFile; fileRef = 8351870C241B878300CB40B9 /* InboxApi.swift */; };
		8351870F241B9F7E00CB40B9 /* Inbox.swift in Sources */ = {isa = PBXBuildFile; fileRef = 8351870E241B9F7E00CB40B9 /* Inbox.swift */; };
		83518713241E39A700CB40B9 /* refresh.mp3 in Resources */ = {isa = PBXBuildFile; fileRef = 83518712241E39A600CB40B9 /* refresh.mp3 */; };
		83518715241E39C200CB40B9 /* post.mp3 in Resources */ = {isa = PBXBuildFile; fileRef = 83518714241E39C200CB40B9 /* post.mp3 */; };
		83518719241EA2F500CB40B9 /* FollowerViewController.swift in Sources */ = {isa = PBXBuildFile; fileRef = 83518718241EA2F500CB40B9 /* FollowerViewController.swift */; };
		8351871B241EA33C00CB40B9 /* FollowerTableViewCell.swift in Sources */ = {isa = PBXBuildFile; fileRef = 8351871A241EA33C00CB40B9 /* FollowerTableViewCell.swift */; };
		8351871D241ECDF100CB40B9 /* FollowingViewController.swift in Sources */ = {isa = PBXBuildFile; fileRef = 8351871C241ECDF100CB40B9 /* FollowingViewController.swift */; };
		8351871F241ECE1900CB40B9 /* FollowingTableViewCell.swift in Sources */ = {isa = PBXBuildFile; fileRef = 8351871E241ECE1900CB40B9 /* FollowingTableViewCell.swift */; };
		83518721241F760400CB40B9 /* OtherFollowerViewController.swift in Sources */ = {isa = PBXBuildFile; fileRef = 83518720241F760300CB40B9 /* OtherFollowerViewController.swift */; };
		83518723241F761800CB40B9 /* OtherFollowingViewController.swift in Sources */ = {isa = PBXBuildFile; fileRef = 83518722241F761800CB40B9 /* OtherFollowingViewController.swift */; };
		835C1A9D249CF96A007D3CEB /* Configs.swift in Sources */ = {isa = PBXBuildFile; fileRef = 835C1A9C249CF96A007D3CEB /* Configs.swift */; };
		835C1A9F249CFAEA007D3CEB /* GoogleService-Info.plist in Resources */ = {isa = PBXBuildFile; fileRef = 835C1A9E249CFAEA007D3CEB /* GoogleService-Info.plist */; };
		8365796A240FC629009BE554 /* ProfileViewController.swift in Sources */ = {isa = PBXBuildFile; fileRef = 83657969240FC629009BE554 /* ProfileViewController.swift */; };
		8365796C240FC83E009BE554 /* ProfileTableViewCell.swift in Sources */ = {isa = PBXBuildFile; fileRef = 8365796B240FC83E009BE554 /* ProfileTableViewCell.swift */; };
		836579702410F1E1009BE554 /* MyPostApi.swift in Sources */ = {isa = PBXBuildFile; fileRef = 8365796F2410F1E1009BE554 /* MyPostApi.swift */; };
		836579742410FE34009BE554 /* EditTableViewController.swift in Sources */ = {isa = PBXBuildFile; fileRef = 836579732410FE34009BE554 /* EditTableViewController.swift */; };
		83657978241124CF009BE554 /* StorageApi.swift in Sources */ = {isa = PBXBuildFile; fileRef = 83657977241124CF009BE554 /* StorageApi.swift */; };
		8365797A24138066009BE554 /* SearchViewController.swift in Sources */ = {isa = PBXBuildFile; fileRef = 8365797924138066009BE554 /* SearchViewController.swift */; };
		8365797C24138250009BE554 /* SearchTableViewCell.swift in Sources */ = {isa = PBXBuildFile; fileRef = 8365797B24138250009BE554 /* SearchTableViewCell.swift */; };
		8365797E24138C3B009BE554 /* FollowApi.swift in Sources */ = {isa = PBXBuildFile; fileRef = 8365797D24138C3B009BE554 /* FollowApi.swift */; };
		836579802413AC21009BE554 /* FeedApi.swift in Sources */ = {isa = PBXBuildFile; fileRef = 8365797F2413AC21009BE554 /* FeedApi.swift */; };
		83657982241419AE009BE554 /* OtherProfileViewController.swift in Sources */ = {isa = PBXBuildFile; fileRef = 83657981241419AE009BE554 /* OtherProfileViewController.swift */; };
		83A1F2BC249907E100AB0BED /* CoronaStatsViewController.swift in Sources */ = {isa = PBXBuildFile; fileRef = 83A1F2BB249907E100AB0BED /* CoronaStatsViewController.swift */; };
		F496D391E62F1D84C352C239 /* Pods_SNSApp.framework in Frameworks */ = {isa = PBXBuildFile; fileRef = 54E85AAD811F913AC5822EF4 /* Pods_SNSApp.framework */; };
/* End PBXBuildFile section */

/* Begin PBXFileReference section */
		064109958F6BE778EB232065 /* Pods-SNSApp.release.xcconfig */ = {isa = PBXFileReference; includeInIndex = 1; lastKnownFileType = text.xcconfig; name = "Pods-SNSApp.release.xcconfig"; path = "Target Support Files/Pods-SNSApp/Pods-SNSApp.release.xcconfig"; sourceTree = "<group>"; };
		1BCD19D70B32A1C242046791 /* Pods-SNSApp.debug.xcconfig */ = {isa = PBXFileReference; includeInIndex = 1; lastKnownFileType = text.xcconfig; name = "Pods-SNSApp.debug.xcconfig"; path = "Target Support Files/Pods-SNSApp/Pods-SNSApp.debug.xcconfig"; sourceTree = "<group>"; };
		54E85AAD811F913AC5822EF4 /* Pods_SNSApp.framework */ = {isa = PBXFileReference; explicitFileType = wrapper.framework; includeInIndex = 0; path = Pods_SNSApp.framework; sourceTree = BUILT_PRODUCTS_DIR; };
		834807B62418170D00F6020E /* InboxViewController.swift */ = {isa = PBXFileReference; lastKnownFileType = sourcecode.swift; path = InboxViewController.swift; sourceTree = "<group>"; };
		834807B82418193500F6020E /* InboxTableViewCell.swift */ = {isa = PBXFileReference; lastKnownFileType = sourcecode.swift; path = InboxTableViewCell.swift; sourceTree = "<group>"; };
		834807BA2418224F00F6020E /* MessageViewController.swift */ = {isa = PBXFileReference; lastKnownFileType = sourcecode.swift; path = MessageViewController.swift; sourceTree = "<group>"; };
		834807BC2418234B00F6020E /* MessageTableViewCell.swift */ = {isa = PBXFileReference; lastKnownFileType = sourcecode.swift; path = MessageTableViewCell.swift; sourceTree = "<group>"; };
		834807BE24194AA700F6020E /* Message.swift */ = {isa = PBXFileReference; lastKnownFileType = sourcecode.swift; path = Message.swift; sourceTree = "<group>"; };
		834807C024194BCE00F6020E /* MessageApi.swift */ = {isa = PBXFileReference; lastKnownFileType = sourcecode.swift; path = MessageApi.swift; sourceTree = "<group>"; };
		834807C22419595A00F6020E /* Extension.swift */ = {isa = PBXFileReference; lastKnownFileType = sourcecode.swift; path = Extension.swift; sourceTree = "<group>"; };
		834F5A3B240A722B00EE05E9 /* HomeTableViewCell.swift */ = {isa = PBXFileReference; lastKnownFileType = sourcecode.swift; path = HomeTableViewCell.swift; sourceTree = "<group>"; };
		834F5A3D240A740400EE05E9 /* Post.swift */ = {isa = PBXFileReference; lastKnownFileType = sourcecode.swift; path = Post.swift; sourceTree = "<group>"; };
		834F5A3F240AB41C00EE05E9 /* ContributorTableViewCell.swift */ = {isa = PBXFileReference; lastKnownFileType = sourcecode.swift; path = ContributorTableViewCell.swift; sourceTree = "<group>"; };
		834F5A41240AB43200EE05E9 /* CommentTableViewCell.swift */ = {isa = PBXFileReference; lastKnownFileType = sourcecode.swift; path = CommentTableViewCell.swift; sourceTree = "<group>"; };
		834F5A43240AB47700EE05E9 /* CommentViewController.swift */ = {isa = PBXFileReference; lastKnownFileType = sourcecode.swift; path = CommentViewController.swift; sourceTree = "<group>"; };
		834F5A45240AC7DD00EE05E9 /* Comment.swift */ = {isa = PBXFileReference; lastKnownFileType = sourcecode.swift; path = Comment.swift; sourceTree = "<group>"; };
		834F5A4C240BBA3000EE05E9 /* PostApi.swift */ = {isa = PBXFileReference; lastKnownFileType = sourcecode.swift; path = PostApi.swift; sourceTree = "<group>"; };
		834F5A4E240BBB7700EE05E9 /* UserApi.swift */ = {isa = PBXFileReference; lastKnownFileType = sourcecode.swift; path = UserApi.swift; sourceTree = "<group>"; };
		834F5A52240CD28600EE05E9 /* CommentApi.swift */ = {isa = PBXFileReference; lastKnownFileType = sourcecode.swift; path = CommentApi.swift; sourceTree = "<group>"; };
		834F5A54240CD83B00EE05E9 /* Post_CommentApi.swift */ = {isa = PBXFileReference; lastKnownFileType = sourcecode.swift; path = Post_CommentApi.swift; sourceTree = "<group>"; };
		834F5A56240CFD3900EE05E9 /* heart.json */ = {isa = PBXFileReference; fileEncoding = 4; lastKnownFileType = text.json; path = heart.json; sourceTree = "<group>"; };
		834F5A58240D0D2900EE05E9 /* SideMenuViewController.swift */ = {isa = PBXFileReference; lastKnownFileType = sourcecode.swift; path = SideMenuViewController.swift; sourceTree = "<group>"; };
		834F5A64240E7D1300EE05E9 /* SideMenuTableViewCell.swift */ = {isa = PBXFileReference; lastKnownFileType = sourcecode.swift; path = SideMenuTableViewCell.swift; sourceTree = "<group>"; };
		83508B1F24070744000DFD8C /* SNSApp.app */ = {isa = PBXFileReference; explicitFileType = wrapper.application; includeInIndex = 0; path = SNSApp.app; sourceTree = BUILT_PRODUCTS_DIR; };
		83508B2224070744000DFD8C /* AppDelegate.swift */ = {isa = PBXFileReference; lastKnownFileType = sourcecode.swift; path = AppDelegate.swift; sourceTree = "<group>"; };
		83508B2424070744000DFD8C /* SceneDelegate.swift */ = {isa = PBXFileReference; lastKnownFileType = sourcecode.swift; path = SceneDelegate.swift; sourceTree = "<group>"; };
		83508B2924070744000DFD8C /* Base */ = {isa = PBXFileReference; lastKnownFileType = file.storyboard; name = Base; path = Base.lproj/Main.storyboard; sourceTree = "<group>"; };
		83508B2B24070747000DFD8C /* Assets.xcassets */ = {isa = PBXFileReference; lastKnownFileType = folder.assetcatalog; path = Assets.xcassets; sourceTree = "<group>"; };
		83508B2E24070747000DFD8C /* Base */ = {isa = PBXFileReference; lastKnownFileType = file.storyboard; name = Base; path = Base.lproj/LaunchScreen.storyboard; sourceTree = "<group>"; };
		83508B3024070747000DFD8C /* Info.plist */ = {isa = PBXFileReference; lastKnownFileType = text.plist.xml; path = Info.plist; sourceTree = "<group>"; };
		83508B3A2407125C000DFD8C /* SignInViewController.swift */ = {isa = PBXFileReference; lastKnownFileType = sourcecode.swift; path = SignInViewController.swift; sourceTree = "<group>"; };
		83508B3C24072AEF000DFD8C /* SignUpViewController.swift */ = {isa = PBXFileReference; lastKnownFileType = sourcecode.swift; path = SignUpViewController.swift; sourceTree = "<group>"; };
		83508B3E240734A7000DFD8C /* ForgotViewController.swift */ = {isa = PBXFileReference; lastKnownFileType = sourcecode.swift; path = ForgotViewController.swift; sourceTree = "<group>"; };
		83508B43240751DA000DFD8C /* StartViewController.swift */ = {isa = PBXFileReference; lastKnownFileType = sourcecode.swift; path = StartViewController.swift; sourceTree = "<group>"; };
		83508B4524075591000DFD8C /* HomeViewController.swift */ = {isa = PBXFileReference; lastKnownFileType = sourcecode.swift; path = HomeViewController.swift; sourceTree = "<group>"; };
		83508B4724078A93000DFD8C /* PostViewController.swift */ = {isa = PBXFileReference; lastKnownFileType = sourcecode.swift; path = PostViewController.swift; sourceTree = "<group>"; };
		83508B4B2407F0BD000DFD8C /* User.swift */ = {isa = PBXFileReference; lastKnownFileType = sourcecode.swift; path = User.swift; sourceTree = "<group>"; };
		83516346241533570083C444 /* SendDataApi.swift */ = {isa = PBXFileReference; lastKnownFileType = sourcecode.swift; path = SendDataApi.swift; sourceTree = "<group>"; };
		835163482415616E0083C444 /* NotificationViewController.swift */ = {isa = PBXFileReference; lastKnownFileType = sourcecode.swift; path = NotificationViewController.swift; sourceTree = "<group>"; };
		8351634C241561F60083C444 /* NotificationTableViewCell.swift */ = {isa = PBXFileReference; lastKnownFileType = sourcecode.swift; path = NotificationTableViewCell.swift; sourceTree = "<group>"; };
		8351634E241568AF0083C444 /* NotificationApi.swift */ = {isa = PBXFileReference; lastKnownFileType = sourcecode.swift; path = NotificationApi.swift; sourceTree = "<group>"; };
		8351635024156A580083C444 /* Notification.swift */ = {isa = PBXFileReference; lastKnownFileType = sourcecode.swift; path = Notification.swift; sourceTree = "<group>"; };
		8351870C241B878300CB40B9 /* InboxApi.swift */ = {isa = PBXFileReference; lastKnownFileType = sourcecode.swift; path = InboxApi.swift; sourceTree = "<group>"; };
		8351870E241B9F7E00CB40B9 /* Inbox.swift */ = {isa = PBXFileReference; lastKnownFileType = sourcecode.swift; path = Inbox.swift; sourceTree = "<group>"; };
		83518712241E39A600CB40B9 /* refresh.mp3 */ = {isa = PBXFileReference; lastKnownFileType = audio.mp3; path = refresh.mp3; sourceTree = "<group>"; };
		83518714241E39C200CB40B9 /* post.mp3 */ = {isa = PBXFileReference; lastKnownFileType = audio.mp3; path = post.mp3; sourceTree = "<group>"; };
		83518718241EA2F500CB40B9 /* FollowerViewController.swift */ = {isa = PBXFileReference; lastKnownFileType = sourcecode.swift; path = FollowerViewController.swift; sourceTree = "<group>"; };
		8351871A241EA33C00CB40B9 /* FollowerTableViewCell.swift */ = {isa = PBXFileReference; lastKnownFileType = sourcecode.swift; path = FollowerTableViewCell.swift; sourceTree = "<group>"; };
		8351871C241ECDF100CB40B9 /* FollowingViewController.swift */ = {isa = PBXFileReference; lastKnownFileType = sourcecode.swift; path = FollowingViewController.swift; sourceTree = "<group>"; };
		8351871E241ECE1900CB40B9 /* FollowingTableViewCell.swift */ = {isa = PBXFileReference; lastKnownFileType = sourcecode.swift; path = FollowingTableViewCell.swift; sourceTree = "<group>"; };
		83518720241F760300CB40B9 /* OtherFollowerViewController.swift */ = {isa = PBXFileReference; lastKnownFileType = sourcecode.swift; path = OtherFollowerViewController.swift; sourceTree = "<group>"; };
		83518722241F761800CB40B9 /* OtherFollowingViewController.swift */ = {isa = PBXFileReference; lastKnownFileType = sourcecode.swift; path = OtherFollowingViewController.swift; sourceTree = "<group>"; };
		835C1A9C249CF96A007D3CEB /* Configs.swift */ = {isa = PBXFileReference; lastKnownFileType = sourcecode.swift; path = Configs.swift; sourceTree = "<group>"; };
		835C1A9E249CFAEA007D3CEB /* GoogleService-Info.plist */ = {isa = PBXFileReference; fileEncoding = 4; lastKnownFileType = text.plist.xml; path = "GoogleService-Info.plist"; sourceTree = "<group>"; };
		835C1AA0249CFBE1007D3CEB /* SNSApp.entitlements */ = {isa = PBXFileReference; lastKnownFileType = text.plist.entitlements; path = SNSApp.entitlements; sourceTree = "<group>"; };
		83657969240FC629009BE554 /* ProfileViewController.swift */ = {isa = PBXFileReference; lastKnownFileType = sourcecode.swift; path = ProfileViewController.swift; sourceTree = "<group>"; };
		8365796B240FC83E009BE554 /* ProfileTableViewCell.swift */ = {isa = PBXFileReference; lastKnownFileType = sourcecode.swift; path = ProfileTableViewCell.swift; sourceTree = "<group>"; };
		8365796F2410F1E1009BE554 /* MyPostApi.swift */ = {isa = PBXFileReference; lastKnownFileType = sourcecode.swift; path = MyPostApi.swift; sourceTree = "<group>"; };
		836579732410FE34009BE554 /* EditTableViewController.swift */ = {isa = PBXFileReference; lastKnownFileType = sourcecode.swift; path = EditTableViewController.swift; sourceTree = "<group>"; };
		83657977241124CF009BE554 /* StorageApi.swift */ = {isa = PBXFileReference; lastKnownFileType = sourcecode.swift; path = StorageApi.swift; sourceTree = "<group>"; };
		8365797924138066009BE554 /* SearchViewController.swift */ = {isa = PBXFileReference; lastKnownFileType = sourcecode.swift; path = SearchViewController.swift; sourceTree = "<group>"; };
		8365797B24138250009BE554 /* SearchTableViewCell.swift */ = {isa = PBXFileReference; lastKnownFileType = sourcecode.swift; path = SearchTableViewCell.swift; sourceTree = "<group>"; };
		8365797D24138C3B009BE554 /* FollowApi.swift */ = {isa = PBXFileReference; lastKnownFileType = sourcecode.swift; path = FollowApi.swift; sourceTree = "<group>"; };
		8365797F2413AC21009BE554 /* FeedApi.swift */ = {isa = PBXFileReference; lastKnownFileType = sourcecode.swift; path = FeedApi.swift; sourceTree = "<group>"; };
		83657981241419AE009BE554 /* OtherProfileViewController.swift */ = {isa = PBXFileReference; lastKnownFileType = sourcecode.swift; path = OtherProfileViewController.swift; sourceTree = "<group>"; };
		83A1F2BB249907E100AB0BED /* CoronaStatsViewController.swift */ = {isa = PBXFileReference; lastKnownFileType = sourcecode.swift; path = CoronaStatsViewController.swift; sourceTree = "<group>"; };
/* End PBXFileReference section */

/* Begin PBXFrameworksBuildPhase section */
		83508B1C24070744000DFD8C /* Frameworks */ = {
			isa = PBXFrameworksBuildPhase;
			buildActionMask = 2147483647;
			files = (
				F496D391E62F1D84C352C239 /* Pods_SNSApp.framework in Frameworks */,
			);
			runOnlyForDeploymentPostprocessing = 0;
		};
/* End PBXFrameworksBuildPhase section */

/* Begin PBXGroup section */
		834F5A49240BB9F900EE05E9 /* Api */ = {
			isa = PBXGroup;
			children = (
				834F5A4C240BBA3000EE05E9 /* PostApi.swift */,
				834F5A52240CD28600EE05E9 /* CommentApi.swift */,
				834F5A4E240BBB7700EE05E9 /* UserApi.swift */,
				834F5A54240CD83B00EE05E9 /* Post_CommentApi.swift */,
				8365796F2410F1E1009BE554 /* MyPostApi.swift */,
				83657977241124CF009BE554 /* StorageApi.swift */,
				8365797D24138C3B009BE554 /* FollowApi.swift */,
				8365797F2413AC21009BE554 /* FeedApi.swift */,
				83516346241533570083C444 /* SendDataApi.swift */,
				8351634E241568AF0083C444 /* NotificationApi.swift */,
				834807C024194BCE00F6020E /* MessageApi.swift */,
				834807C22419595A00F6020E /* Extension.swift */,
				8351870C241B878300CB40B9 /* InboxApi.swift */,
			);
			path = Api;
			sourceTree = "<group>";
		};
		83508B1624070744000DFD8C = {
			isa = PBXGroup;
			children = (
				83508B2124070744000DFD8C /* SNSApp */,
				83508B2024070744000DFD8C /* Products */,
				C34A224967694A91C037A6BB /* Pods */,
				A84B2825C0B4B66C1E9AB7EA /* Frameworks */,
			);
			sourceTree = "<group>";
		};
		83508B2024070744000DFD8C /* Products */ = {
			isa = PBXGroup;
			children = (
				83508B1F24070744000DFD8C /* SNSApp.app */,
			);
			name = Products;
			sourceTree = "<group>";
		};
		83508B2124070744000DFD8C /* SNSApp */ = {
			isa = PBXGroup;
			children = (
				835C1AA0249CFBE1007D3CEB /* SNSApp.entitlements */,
				834F5A49240BB9F900EE05E9 /* Api */,
				83508B4224073D8E000DFD8C /* Model */,
				83508B4124073D82000DFD8C /* View */,
				83508B4024073D6E000DFD8C /* Controller */,
				83508B2824070744000DFD8C /* Main.storyboard */,
				83508B2224070744000DFD8C /* AppDelegate.swift */,
				835C1A9C249CF96A007D3CEB /* Configs.swift */,
				83508B2424070744000DFD8C /* SceneDelegate.swift */,
				835C1A9E249CFAEA007D3CEB /* GoogleService-Info.plist */,
				83508B2D24070747000DFD8C /* LaunchScreen.storyboard */,
				83508B2B24070747000DFD8C /* Assets.xcassets */,
				83518712241E39A600CB40B9 /* refresh.mp3 */,
				83518714241E39C200CB40B9 /* post.mp3 */,
				834F5A56240CFD3900EE05E9 /* heart.json */,
				83508B3024070747000DFD8C /* Info.plist */,
			);
			path = SNSApp;
			sourceTree = "<group>";
		};
		83508B4024073D6E000DFD8C /* Controller */ = {
			isa = PBXGroup;
			children = (
				83508B3A2407125C000DFD8C /* SignInViewController.swift */,
				83508B3C24072AEF000DFD8C /* SignUpViewController.swift */,
				83508B3E240734A7000DFD8C /* ForgotViewController.swift */,
				83508B43240751DA000DFD8C /* StartViewController.swift */,
				83508B4524075591000DFD8C /* HomeViewController.swift */,
				83508B4724078A93000DFD8C /* PostViewController.swift */,
				834F5A43240AB47700EE05E9 /* CommentViewController.swift */,
				834F5A58240D0D2900EE05E9 /* SideMenuViewController.swift */,
				83657969240FC629009BE554 /* ProfileViewController.swift */,
				836579732410FE34009BE554 /* EditTableViewController.swift */,
				8365797924138066009BE554 /* SearchViewController.swift */,
				83657981241419AE009BE554 /* OtherProfileViewController.swift */,
				835163482415616E0083C444 /* NotificationViewController.swift */,
				834807B62418170D00F6020E /* InboxViewController.swift */,
				834807BA2418224F00F6020E /* MessageViewController.swift */,
				83518718241EA2F500CB40B9 /* FollowerViewController.swift */,
				8351871C241ECDF100CB40B9 /* FollowingViewController.swift */,
				83518720241F760300CB40B9 /* OtherFollowerViewController.swift */,
				83518722241F761800CB40B9 /* OtherFollowingViewController.swift */,
				83A1F2BB249907E100AB0BED /* CoronaStatsViewController.swift */,
			);
			path = Controller;
			sourceTree = "<group>";
		};
		83508B4124073D82000DFD8C /* View */ = {
			isa = PBXGroup;
			children = (
				834F5A3B240A722B00EE05E9 /* HomeTableViewCell.swift */,
				834F5A3F240AB41C00EE05E9 /* ContributorTableViewCell.swift */,
				834F5A41240AB43200EE05E9 /* CommentTableViewCell.swift */,
				834F5A64240E7D1300EE05E9 /* SideMenuTableViewCell.swift */,
				8365796B240FC83E009BE554 /* ProfileTableViewCell.swift */,
				8365797B24138250009BE554 /* SearchTableViewCell.swift */,
				8351634C241561F60083C444 /* NotificationTableViewCell.swift */,
				834807B82418193500F6020E /* InboxTableViewCell.swift */,
				834807BC2418234B00F6020E /* MessageTableViewCell.swift */,
				8351871A241EA33C00CB40B9 /* FollowerTableViewCell.swift */,
				8351871E241ECE1900CB40B9 /* FollowingTableViewCell.swift */,
			);
			path = View;
			sourceTree = "<group>";
		};
		83508B4224073D8E000DFD8C /* Model */ = {
			isa = PBXGroup;
			children = (
				83508B4B2407F0BD000DFD8C /* User.swift */,
				834F5A3D240A740400EE05E9 /* Post.swift */,
				834F5A45240AC7DD00EE05E9 /* Comment.swift */,
				8351635024156A580083C444 /* Notification.swift */,
				834807BE24194AA700F6020E /* Message.swift */,
				8351870E241B9F7E00CB40B9 /* Inbox.swift */,
			);
			path = Model;
			sourceTree = "<group>";
		};
		A84B2825C0B4B66C1E9AB7EA /* Frameworks */ = {
			isa = PBXGroup;
			children = (
				54E85AAD811F913AC5822EF4 /* Pods_SNSApp.framework */,
			);
			name = Frameworks;
			sourceTree = "<group>";
		};
		C34A224967694A91C037A6BB /* Pods */ = {
			isa = PBXGroup;
			children = (
				1BCD19D70B32A1C242046791 /* Pods-SNSApp.debug.xcconfig */,
				064109958F6BE778EB232065 /* Pods-SNSApp.release.xcconfig */,
			);
			path = Pods;
			sourceTree = "<group>";
		};
/* End PBXGroup section */

/* Begin PBXNativeTarget section */
		83508B1E24070744000DFD8C /* SNSApp */ = {
			isa = PBXNativeTarget;
			buildConfigurationList = 83508B3324070747000DFD8C /* Build configuration list for PBXNativeTarget "SNSApp" */;
			buildPhases = (
				750D2314C23A5F872655D7D8 /* [CP] Check Pods Manifest.lock */,
				83508B1B24070744000DFD8C /* Sources */,
				83508B1C24070744000DFD8C /* Frameworks */,
				83508B1D24070744000DFD8C /* Resources */,
				37AD074C928DEFF865B8E9FF /* [CP] Embed Pods Frameworks */,
				88E3020837A75D598159B006 /* [CP] Copy Pods Resources */,
			);
			buildRules = (
			);
			dependencies = (
			);
			name = SNSApp;
			productName = SNSApp;
			productReference = 83508B1F24070744000DFD8C /* SNSApp.app */;
			productType = "com.apple.product-type.application";
		};
/* End PBXNativeTarget section */

/* Begin PBXProject section */
		83508B1724070744000DFD8C /* Project object */ = {
			isa = PBXProject;
			attributes = {
				LastSwiftUpdateCheck = 1130;
				LastUpgradeCheck = 1130;
				ORGANIZATIONNAME = yuji_nakamoto;
				TargetAttributes = {
					83508B1E24070744000DFD8C = {
						CreatedOnToolsVersion = 11.3.1;
					};
				};
			};
			buildConfigurationList = 83508B1A24070744000DFD8C /* Build configuration list for PBXProject "SNSApp" */;
			compatibilityVersion = "Xcode 9.3";
			developmentRegion = en;
			hasScannedForEncodings = 0;
			knownRegions = (
				en,
				Base,
			);
			mainGroup = 83508B1624070744000DFD8C;
			productRefGroup = 83508B2024070744000DFD8C /* Products */;
			projectDirPath = "";
			projectRoot = "";
			targets = (
				83508B1E24070744000DFD8C /* SNSApp */,
			);
		};
/* End PBXProject section */

/* Begin PBXResourcesBuildPhase section */
		83508B1D24070744000DFD8C /* Resources */ = {
			isa = PBXResourcesBuildPhase;
			buildActionMask = 2147483647;
			files = (
				83508B2F24070747000DFD8C /* LaunchScreen.storyboard in Resources */,
				83508B2C24070747000DFD8C /* Assets.xcassets in Resources */,
				83518713241E39A700CB40B9 /* refresh.mp3 in Resources */,
				83508B2A24070744000DFD8C /* Main.storyboard in Resources */,
				834F5A57240CFD3900EE05E9 /* heart.json in Resources */,
				83518715241E39C200CB40B9 /* post.mp3 in Resources */,
				835C1A9F249CFAEA007D3CEB /* GoogleService-Info.plist in Resources */,
			);
			runOnlyForDeploymentPostprocessing = 0;
		};
/* End PBXResourcesBuildPhase section */

/* Begin PBXShellScriptBuildPhase section */
		37AD074C928DEFF865B8E9FF /* [CP] Embed Pods Frameworks */ = {
			isa = PBXShellScriptBuildPhase;
			buildActionMask = 2147483647;
			files = (
			);
			inputFileListPaths = (
				"${PODS_ROOT}/Target Support Files/Pods-SNSApp/Pods-SNSApp-frameworks-${CONFIGURATION}-input-files.xcfilelist",
			);
			name = "[CP] Embed Pods Frameworks";
			outputFileListPaths = (
				"${PODS_ROOT}/Target Support Files/Pods-SNSApp/Pods-SNSApp-frameworks-${CONFIGURATION}-output-files.xcfilelist",
			);
			runOnlyForDeploymentPostprocessing = 0;
			shellPath = /bin/sh;
			shellScript = "\"${PODS_ROOT}/Target Support Files/Pods-SNSApp/Pods-SNSApp-frameworks.sh\"\n";
			showEnvVarsInLog = 0;
		};
		750D2314C23A5F872655D7D8 /* [CP] Check Pods Manifest.lock */ = {
			isa = PBXShellScriptBuildPhase;
			buildActionMask = 2147483647;
			files = (
			);
			inputFileListPaths = (
			);
			inputPaths = (
				"${PODS_PODFILE_DIR_PATH}/Podfile.lock",
				"${PODS_ROOT}/Manifest.lock",
			);
			name = "[CP] Check Pods Manifest.lock";
			outputFileListPaths = (
			);
			outputPaths = (
				"$(DERIVED_FILE_DIR)/Pods-SNSApp-checkManifestLockResult.txt",
			);
			runOnlyForDeploymentPostprocessing = 0;
			shellPath = /bin/sh;
			shellScript = "diff \"${PODS_PODFILE_DIR_PATH}/Podfile.lock\" \"${PODS_ROOT}/Manifest.lock\" > /dev/null\nif [ $? != 0 ] ; then\n    # print error to STDERR\n    echo \"error: The sandbox is not in sync with the Podfile.lock. Run 'pod install' or update your CocoaPods installation.\" >&2\n    exit 1\nfi\n# This output is used by Xcode 'outputs' to avoid re-running this script phase.\necho \"SUCCESS\" > \"${SCRIPT_OUTPUT_FILE_0}\"\n";
			showEnvVarsInLog = 0;
		};
		88E3020837A75D598159B006 /* [CP] Copy Pods Resources */ = {
			isa = PBXShellScriptBuildPhase;
			buildActionMask = 2147483647;
			files = (
			);
			inputFileListPaths = (
				"${PODS_ROOT}/Target Support Files/Pods-SNSApp/Pods-SNSApp-resources-${CONFIGURATION}-input-files.xcfilelist",
			);
			name = "[CP] Copy Pods Resources";
			outputFileListPaths = (
				"${PODS_ROOT}/Target Support Files/Pods-SNSApp/Pods-SNSApp-resources-${CONFIGURATION}-output-files.xcfilelist",
			);
			runOnlyForDeploymentPostprocessing = 0;
			shellPath = /bin/sh;
			shellScript = "\"${PODS_ROOT}/Target Support Files/Pods-SNSApp/Pods-SNSApp-resources.sh\"\n";
			showEnvVarsInLog = 0;
		};
/* End PBXShellScriptBuildPhase section */

/* Begin PBXSourcesBuildPhase section */
		83508B1B24070744000DFD8C /* Sources */ = {
			isa = PBXSourcesBuildPhase;
			buildActionMask = 2147483647;
			files = (
				836579702410F1E1009BE554 /* MyPostApi.swift in Sources */,
				834807BB2418224F00F6020E /* MessageViewController.swift in Sources */,
				83508B4824078A93000DFD8C /* PostViewController.swift in Sources */,
				8351870F241B9F7E00CB40B9 /* Inbox.swift in Sources */,
				83508B2324070744000DFD8C /* AppDelegate.swift in Sources */,
				8365797A24138066009BE554 /* SearchViewController.swift in Sources */,
				83516347241533570083C444 /* SendDataApi.swift in Sources */,
				8365796C240FC83E009BE554 /* ProfileTableViewCell.swift in Sources */,
				83508B2524070744000DFD8C /* SceneDelegate.swift in Sources */,
				83518719241EA2F500CB40B9 /* FollowerViewController.swift in Sources */,
				834F5A3E240A740400EE05E9 /* Post.swift in Sources */,
				834F5A59240D0D2900EE05E9 /* SideMenuViewController.swift in Sources */,
				83518723241F761800CB40B9 /* OtherFollowingViewController.swift in Sources */,
				836579802413AC21009BE554 /* FeedApi.swift in Sources */,
				83508B3D24072AEF000DFD8C /* SignUpViewController.swift in Sources */,
				8365796A240FC629009BE554 /* ProfileViewController.swift in Sources */,
				83518721241F760400CB40B9 /* OtherFollowerViewController.swift in Sources */,
				834807BD2418234B00F6020E /* MessageTableViewCell.swift in Sources */,
				834F5A65240E7D1300EE05E9 /* SideMenuTableViewCell.swift in Sources */,
				8351634F241568AF0083C444 /* NotificationApi.swift in Sources */,
				834F5A44240AB47700EE05E9 /* CommentViewController.swift in Sources */,
				834F5A55240CD83B00EE05E9 /* Post_CommentApi.swift in Sources */,
				8365797C24138250009BE554 /* SearchTableViewCell.swift in Sources */,
				8351871F241ECE1900CB40B9 /* FollowingTableViewCell.swift in Sources */,
				8351870D241B878300CB40B9 /* InboxApi.swift in Sources */,
				834807BF24194AA700F6020E /* Message.swift in Sources */,
				83A1F2BC249907E100AB0BED /* CoronaStatsViewController.swift in Sources */,
				8365797E24138C3B009BE554 /* FollowApi.swift in Sources */,
				83508B3F240734A7000DFD8C /* ForgotViewController.swift in Sources */,
				836579742410FE34009BE554 /* EditTableViewController.swift in Sources */,
				834807B92418193500F6020E /* InboxTableViewCell.swift in Sources */,
				8351635124156A580083C444 /* Notification.swift in Sources */,
				834F5A3C240A722B00EE05E9 /* HomeTableViewCell.swift in Sources */,
				835C1A9D249CF96A007D3CEB /* Configs.swift in Sources */,
				83508B4C2407F0BD000DFD8C /* User.swift in Sources */,
				83508B3B2407125C000DFD8C /* SignInViewController.swift in Sources */,
				834807C124194BCE00F6020E /* MessageApi.swift in Sources */,
				834F5A53240CD28600EE05E9 /* CommentApi.swift in Sources */,
				835163492415616E0083C444 /* NotificationViewController.swift in Sources */,
				8351871B241EA33C00CB40B9 /* FollowerTableViewCell.swift in Sources */,
				8351634D241561F60083C444 /* NotificationTableViewCell.swift in Sources */,
				834F5A46240AC7DD00EE05E9 /* Comment.swift in Sources */,
				834807C32419595A00F6020E /* Extension.swift in Sources */,
				83508B4624075591000DFD8C /* HomeViewController.swift in Sources */,
				834F5A42240AB43200EE05E9 /* CommentTableViewCell.swift in Sources */,
				83508B44240751DA000DFD8C /* StartViewController.swift in Sources */,
				834F5A4D240BBA3000EE05E9 /* PostApi.swift in Sources */,
				834F5A40240AB41C00EE05E9 /* ContributorTableViewCell.swift in Sources */,
				834F5A4F240BBB7700EE05E9 /* UserApi.swift in Sources */,
				83657982241419AE009BE554 /* OtherProfileViewController.swift in Sources */,
				8351871D241ECDF100CB40B9 /* FollowingViewController.swift in Sources */,
				83657978241124CF009BE554 /* StorageApi.swift in Sources */,
				834807B72418170D00F6020E /* InboxViewController.swift in Sources */,
			);
			runOnlyForDeploymentPostprocessing = 0;
		};
/* End PBXSourcesBuildPhase section */

/* Begin PBXVariantGroup section */
		83508B2824070744000DFD8C /* Main.storyboard */ = {
			isa = PBXVariantGroup;
			children = (
				83508B2924070744000DFD8C /* Base */,
			);
			name = Main.storyboard;
			sourceTree = "<group>";
		};
		83508B2D24070747000DFD8C /* LaunchScreen.storyboard */ = {
			isa = PBXVariantGroup;
			children = (
				83508B2E24070747000DFD8C /* Base */,
			);
			name = LaunchScreen.storyboard;
			sourceTree = "<group>";
		};
/* End PBXVariantGroup section */

/* Begin XCBuildConfiguration section */
		83508B3124070747000DFD8C /* Debug */ = {
			isa = XCBuildConfiguration;
			buildSettings = {
				ALWAYS_SEARCH_USER_PATHS = NO;
				CLANG_ANALYZER_NONNULL = YES;
				CLANG_ANALYZER_NUMBER_OBJECT_CONVERSION = YES_AGGRESSIVE;
				CLANG_CXX_LANGUAGE_STANDARD = "gnu++14";
				CLANG_CXX_LIBRARY = "libc++";
				CLANG_ENABLE_MODULES = YES;
				CLANG_ENABLE_OBJC_ARC = YES;
				CLANG_ENABLE_OBJC_WEAK = YES;
				CLANG_WARN_BLOCK_CAPTURE_AUTORELEASING = YES;
				CLANG_WARN_BOOL_CONVERSION = YES;
				CLANG_WARN_COMMA = YES;
				CLANG_WARN_CONSTANT_CONVERSION = YES;
				CLANG_WARN_DEPRECATED_OBJC_IMPLEMENTATIONS = YES;
				CLANG_WARN_DIRECT_OBJC_ISA_USAGE = YES_ERROR;
				CLANG_WARN_DOCUMENTATION_COMMENTS = YES;
				CLANG_WARN_EMPTY_BODY = YES;
				CLANG_WARN_ENUM_CONVERSION = YES;
				CLANG_WARN_INFINITE_RECURSION = YES;
				CLANG_WARN_INT_CONVERSION = YES;
				CLANG_WARN_NON_LITERAL_NULL_CONVERSION = YES;
				CLANG_WARN_OBJC_IMPLICIT_RETAIN_SELF = YES;
				CLANG_WARN_OBJC_LITERAL_CONVERSION = YES;
				CLANG_WARN_OBJC_ROOT_CLASS = YES_ERROR;
				CLANG_WARN_RANGE_LOOP_ANALYSIS = YES;
				CLANG_WARN_STRICT_PROTOTYPES = YES;
				CLANG_WARN_SUSPICIOUS_MOVE = YES;
				CLANG_WARN_UNGUARDED_AVAILABILITY = YES_AGGRESSIVE;
				CLANG_WARN_UNREACHABLE_CODE = YES;
				CLANG_WARN__DUPLICATE_METHOD_MATCH = YES;
				COPY_PHASE_STRIP = NO;
				DEBUG_INFORMATION_FORMAT = dwarf;
				ENABLE_STRICT_OBJC_MSGSEND = YES;
				ENABLE_TESTABILITY = YES;
				GCC_C_LANGUAGE_STANDARD = gnu11;
				GCC_DYNAMIC_NO_PIC = NO;
				GCC_NO_COMMON_BLOCKS = YES;
				GCC_OPTIMIZATION_LEVEL = 0;
				GCC_PREPROCESSOR_DEFINITIONS = (
					"DEBUG=1",
					"$(inherited)",
				);
				GCC_WARN_64_TO_32_BIT_CONVERSION = YES;
				GCC_WARN_ABOUT_RETURN_TYPE = YES_ERROR;
				GCC_WARN_UNDECLARED_SELECTOR = YES;
				GCC_WARN_UNINITIALIZED_AUTOS = YES_AGGRESSIVE;
				GCC_WARN_UNUSED_FUNCTION = YES;
				GCC_WARN_UNUSED_VARIABLE = YES;
				IPHONEOS_DEPLOYMENT_TARGET = 13.2;
				MTL_ENABLE_DEBUG_INFO = INCLUDE_SOURCE;
				MTL_FAST_MATH = YES;
				ONLY_ACTIVE_ARCH = YES;
				SDKROOT = iphoneos;
				SWIFT_ACTIVE_COMPILATION_CONDITIONS = DEBUG;
				SWIFT_OPTIMIZATION_LEVEL = "-Onone";
			};
			name = Debug;
		};
		83508B3224070747000DFD8C /* Release */ = {
			isa = XCBuildConfiguration;
			buildSettings = {
				ALWAYS_SEARCH_USER_PATHS = NO;
				CLANG_ANALYZER_NONNULL = YES;
				CLANG_ANALYZER_NUMBER_OBJECT_CONVERSION = YES_AGGRESSIVE;
				CLANG_CXX_LANGUAGE_STANDARD = "gnu++14";
				CLANG_CXX_LIBRARY = "libc++";
				CLANG_ENABLE_MODULES = YES;
				CLANG_ENABLE_OBJC_ARC = YES;
				CLANG_ENABLE_OBJC_WEAK = YES;
				CLANG_WARN_BLOCK_CAPTURE_AUTORELEASING = YES;
				CLANG_WARN_BOOL_CONVERSION = YES;
				CLANG_WARN_COMMA = YES;
				CLANG_WARN_CONSTANT_CONVERSION = YES;
				CLANG_WARN_DEPRECATED_OBJC_IMPLEMENTATIONS = YES;
				CLANG_WARN_DIRECT_OBJC_ISA_USAGE = YES_ERROR;
				CLANG_WARN_DOCUMENTATION_COMMENTS = YES;
				CLANG_WARN_EMPTY_BODY = YES;
				CLANG_WARN_ENUM_CONVERSION = YES;
				CLANG_WARN_INFINITE_RECURSION = YES;
				CLANG_WARN_INT_CONVERSION = YES;
				CLANG_WARN_NON_LITERAL_NULL_CONVERSION = YES;
				CLANG_WARN_OBJC_IMPLICIT_RETAIN_SELF = YES;
				CLANG_WARN_OBJC_LITERAL_CONVERSION = YES;
				CLANG_WARN_OBJC_ROOT_CLASS = YES_ERROR;
				CLANG_WARN_RANGE_LOOP_ANALYSIS = YES;
				CLANG_WARN_STRICT_PROTOTYPES = YES;
				CLANG_WARN_SUSPICIOUS_MOVE = YES;
				CLANG_WARN_UNGUARDED_AVAILABILITY = YES_AGGRESSIVE;
				CLANG_WARN_UNREACHABLE_CODE = YES;
				CLANG_WARN__DUPLICATE_METHOD_MATCH = YES;
				COPY_PHASE_STRIP = NO;
				DEBUG_INFORMATION_FORMAT = "dwarf-with-dsym";
				ENABLE_NS_ASSERTIONS = NO;
				ENABLE_STRICT_OBJC_MSGSEND = YES;
				GCC_C_LANGUAGE_STANDARD = gnu11;
				GCC_NO_COMMON_BLOCKS = YES;
				GCC_WARN_64_TO_32_BIT_CONVERSION = YES;
				GCC_WARN_ABOUT_RETURN_TYPE = YES_ERROR;
				GCC_WARN_UNDECLARED_SELECTOR = YES;
				GCC_WARN_UNINITIALIZED_AUTOS = YES_AGGRESSIVE;
				GCC_WARN_UNUSED_FUNCTION = YES;
				GCC_WARN_UNUSED_VARIABLE = YES;
				IPHONEOS_DEPLOYMENT_TARGET = 13.2;
				MTL_ENABLE_DEBUG_INFO = NO;
				MTL_FAST_MATH = YES;
				SDKROOT = iphoneos;
				SWIFT_COMPILATION_MODE = wholemodule;
				SWIFT_OPTIMIZATION_LEVEL = "-O";
				VALIDATE_PRODUCT = YES;
			};
			name = Release;
		};
		83508B3424070747000DFD8C /* Debug */ = {
			isa = XCBuildConfiguration;
			baseConfigurationReference = 1BCD19D70B32A1C242046791 /* Pods-SNSApp.debug.xcconfig */;
			buildSettings = {
				ASSETCATALOG_COMPILER_APPICON_NAME = AppIcon;
				CODE_SIGN_ENTITLEMENTS = SNSApp/SNSApp.entitlements;
				CODE_SIGN_STYLE = Automatic;
				DEVELOPMENT_TEAM = 2FZHPQ299M;
				INFOPLIST_FILE = SNSApp/Info.plist;
				IPHONEOS_DEPLOYMENT_TARGET = 13.5;
				LD_RUNPATH_SEARCH_PATHS = (
					"$(inherited)",
					"@executable_path/Frameworks",
				);
				PRODUCT_BUNDLE_IDENTIFIER = "yncompany.SNS-App";
				PRODUCT_NAME = "$(TARGET_NAME)";
				SWIFT_VERSION = 5.0;
				TARGETED_DEVICE_FAMILY = 1;
			};
			name = Debug;
		};
		83508B3524070747000DFD8C /* Release */ = {
			isa = XCBuildConfiguration;
			baseConfigurationReference = 064109958F6BE778EB232065 /* Pods-SNSApp.release.xcconfig */;
			buildSettings = {
				ASSETCATALOG_COMPILER_APPICON_NAME = AppIcon;
				CODE_SIGN_ENTITLEMENTS = SNSApp/SNSApp.entitlements;
				CODE_SIGN_STYLE = Automatic;
				DEVELOPMENT_TEAM = 2FZHPQ299M;
				INFOPLIST_FILE = SNSApp/Info.plist;
				IPHONEOS_DEPLOYMENT_TARGET = 13.5;
				LD_RUNPATH_SEARCH_PATHS = (
					"$(inherited)",
					"@executable_path/Frameworks",
				);
				PRODUCT_BUNDLE_IDENTIFIER = "yncompany.SNS-App";
				PRODUCT_NAME = "$(TARGET_NAME)";
				SWIFT_VERSION = 5.0;
				TARGETED_DEVICE_FAMILY = 1;
			};
			name = Release;
		};
/* End XCBuildConfiguration section */

/* Begin XCConfigurationList section */
		83508B1A24070744000DFD8C /* Build configuration list for PBXProject "SNSApp" */ = {
			isa = XCConfigurationList;
			buildConfigurations = (
				83508B3124070747000DFD8C /* Debug */,
				83508B3224070747000DFD8C /* Release */,
			);
			defaultConfigurationIsVisible = 0;
			defaultConfigurationName = Release;
		};
		83508B3324070747000DFD8C /* Build configuration list for PBXNativeTarget "SNSApp" */ = {
			isa = XCConfigurationList;
			buildConfigurations = (
				83508B3424070747000DFD8C /* Debug */,
				83508B3524070747000DFD8C /* Release */,
			);
			defaultConfigurationIsVisible = 0;
			defaultConfigurationName = Release;
		};
/* End XCConfigurationList section */
	};
	rootObject = 83508B1724070744000DFD8C /* Project object */;
}
